
Microsoft Visual Studio Solution File, Format Version 11.00
# Visual Studio 2010
Project("{FAE04EC0-301F-11D3-BF4B-00C04F79EFBC}") = "AutoBuild", "AutoBuild.csproj", "{748BA513-375C-4B0C-959D-D598C007B308}"
EndProject
Global
	GlobalSection(SolutionConfigurationPlatforms) = preSolution
		Debug|Any = Debug|Any
		Release|Any = Release|Any
	EndGlobalSection
	GlobalSection(ProjectConfigurationPlatforms) = postSolution
		{748BA513-375C-4B0C-959D-D598C007B308}.Debug|Any.ActiveCfg = Debug|Any CPU
		{748BA513-375C-4B0C-959D-D598C007B308}.Debug|Any.Build.0 = Debug|Any CPU
		{748BA513-375C-4B0C-959D-D598C007B308}.Release|Any.ActiveCfg = Release|Any CPU
		{748BA513-375C-4B0C-959D-D598C007B308}.Release|Any.Build.0 = Release|Any CPU
	EndGlobalSection
	GlobalSection(SolutionProperties) = preSolution
		HideSolutionNode = FALSE
	EndGlobalSection
EndGlobal
